<Solution>
  <Project Path="HomeWorks_03/HW_03_Task_01/HW_03_Task_01.csproj" Id="d8a6a846-d06f-4654-9279-5e24e05c4198" />
  <Project Path="HomeWorks_03/HW_03_Task_02/HW_03_Task_02.csproj" Id="54dd8adf-edb2-468d-b427-3f72655f4757" />
  <Project Path="HomeWorks_03/HW_03_Task_03/HW_03_Task_03.csproj" Id="c5866f4a-7a1d-45aa-bbb0-e925941bb317" />
  <Project Path="HomeWorks_03/HW_03_Task_04/HW_03_Task_04.csproj" Id="e8da3d4e-f87a-4b6c-8318-6bdc6b25d466" />
  <Project Path="HomeWorks_03/HW_03_Task_05/HW_03_Task_05.csproj" Id="b20f2594-f1e9-42eb-abfe-872d4436a819" />
  <Project Path="HomeWorks_03/HW_03_Task_06/HW_03_Task_06.csproj" Id="a53ce0f2-c452-48f0-8f75-f53787f0c967" />
  <Project Path="HomeWorks_03/HW_03_Task_07/HW_03_Task_07.csproj" Id="dfda1392-5b9d-4adf-8c9e-bf59993f091f" />
  <Project Path="HomeWorks_03/HW_03_Task_08/HW_03_Task_08.csproj" Id="9d2d46c9-2993-460b-843f-6c507977c51f" />
  <Project Path="HomeWorks_03/HW_03_Task_09/HW_03_Task_09.csproj" Id="d2d6fb22-d4ee-4fca-a582-9c8821c80f4c" />
  <Project Path="HomeWorks_03/HW_03_Task_11/HW_03_Task_11.csproj" Id="6039435f-b1a9-4da3-9ffb-d54cc03ba9cb" />
  <Project Path="HomeWorks_03/HW_03_Task_12/HW_03_Task_12.csproj" Id="969a4db9-3fe9-45cb-99d4-539198d9f15c" />
  <Project Path="HomeWorks_03/HW_poligon/HW_poligon.csproj" Id="9ba83bae-c384-4e4a-8886-071f301167b6" />
  <Project Path="HomeWork_01/Task_01/Task_01.csproj" />
  <Project Path="HomeWork_01/Task_02/Task_02.csproj" />
  <Project Path="HomeWork_02/HW2_Task_01/HW_02_Task_01.csproj" Id="99d5c4d8-ce91-4daf-8657-2f2325903d95" />
  <Project Path="HomeWork_02/HW2_Task_02/HW_02_Task_02.csproj" Id="7132f51f-e7cc-40f0-95a5-d6181a05577b" />
  <Project Path="HomeWork_02/HW_02_Task_03/HW_02_Task_03.csproj" Id="f1d90eea-5ff1-4338-a01f-8cfdb71d691f" />
  <Project Path="HomeWork_02/HW_02_Task_04/HW_02_Task_04.csproj" Id="d705d14c-d183-4daf-b3b3-0c0bd6d90104" />
  <Project Path="HomeWork_02/HW_02_Task_05/HW_02_Task_05.csproj" Id="943f504f-d7d0-4fc8-b2c5-ad271116a0ff" />
  <Project Path="HomeWork_02/HW_02_Task_06/HW_02_Task_06.csproj" Id="d3b932fb-9c9e-40f4-9a8c-0acd315fa61c" />
  <Project Path="HomeWork_02/HW_02_Task_07/HW_02_Task_07.csproj" Id="7672c689-032a-48d7-bdc8-bf9013b267d7" />
  <Project Path="HomeWork_04/HW_04_Task_01/HW_04_Task_01.csproj" Id="2fbe8510-244a-4752-99ae-72bf23e29005" />
  <Project Path="HomeWork_04/HW_04_Task_02/HW_04_Task_02.csproj" Id="b0859a28-4032-4599-9df1-256bc50df26c" />
  <Project Path="HomeWork_04/HW_04_Task_03/HW_04_Task_03.csproj" Id="386bcb24-f4d0-40ee-b698-18c83c887349" />
  <Project Path="HomeWork_04/HW_04_Task_044/HW_04_Task_044.csproj" Id="17b74aed-6c4e-4f18-88d3-bb7744fe7167" />
  <Project Path="HomeWork_04/HW_04_Task_05/HW_04_Task_05.csproj" Id="b66707e7-e748-4fb0-9740-3525d9b6cb15" />
  <Project Path="HomeWork_04/HW_04_Task_06/HW_04_Task_06.csproj" Id="ce14a6ca-5496-45ad-9ef5-3e90d0d5eef1" />
  <Project Path="HomeWork_04/HW_04_Task_07/HW_04_Task_07.csproj" Id="7b20719c-fdbf-45f7-b916-5bf7a72d87b5" />
  <Project Path="HomeWork_04/HW_04_Task_08/HW_04_Task_08.csproj" Id="bbb1e562-053c-449b-ab0d-5d0e159f34ea" />
</Solution>
